// !$*UTF8*$!
{
	archiveVersion = 1;
	classes = {
	};
	objectVersion = 50;
	objects = {

/* Begin PBXBuildFile section */
		8200C4ED25ADE56300F27A52 /* AppDelegate.swift in Sources */ = {isa = PBXBuildFile; fileRef = 8200C4EC25ADE56300F27A52 /* AppDelegate.swift */; };
		8200C4EF25ADE56300F27A52 /* SceneDelegate.swift in Sources */ = {isa = PBXBuildFile; fileRef = 8200C4EE25ADE56300F27A52 /* SceneDelegate.swift */; };
		8200C4F125ADE56300F27A52 /* ViewController.swift in Sources */ = {isa = PBXBuildFile; fileRef = 8200C4F025ADE56300F27A52 /* ViewController.swift */; };
		8200C4F425ADE56300F27A52 /* Main.storyboard in Resources */ = {isa = PBXBuildFile; fileRef = 8200C4F225ADE56300F27A52 /* Main.storyboard */; };
		8200C4F725ADE56300F27A52 /* Tic_Tac_Toe_1.xcdatamodeld in Sources */ = {isa = PBXBuildFile; fileRef = 8200C4F525ADE56300F27A52 /* Tic_Tac_Toe_1.xcdatamodeld */; };
		8200C4F925ADE56B00F27A52 /* Assets.xcassets in Resources */ = {isa = PBXBuildFile; fileRef = 8200C4F825ADE56B00F27A52 /* Assets.xcassets */; };
		8200C4FC25ADE56B00F27A52 /* LaunchScreen.storyboard in Resources */ = {isa = PBXBuildFile; fileRef = 8200C4FA25ADE56B00F27A52 /* LaunchScreen.storyboard */; };
		8200C50525ADE5D000F27A52 /* O.jpg in Resources */ = {isa = PBXBuildFile; fileRef = 8200C50425ADE5CF00F27A52 /* O.jpg */; };
		8200C50825ADE5D400F27A52 /* X.jpg in Resources */ = {isa = PBXBuildFile; fileRef = 8200C50725ADE5D400F27A52 /* X.jpg */; };
		8200C50B25ADE5DB00F27A52 /* Board.png in Resources */ = {isa = PBXBuildFile; fileRef = 8200C50A25ADE5DB00F27A52 /* Board.png */; };
/* End PBXBuildFile section */

/* Begin PBXFileReference section */
		8200C4E925ADE56300F27A52 /* Tic Tac Toe 1.app */ = {isa = PBXFileReference; explicitFileType = wrapper.application; includeInIndex = 0; path = "Tic Tac Toe 1.app"; sourceTree = BUILT_PRODUCTS_DIR; };
		8200C4EC25ADE56300F27A52 /* AppDelegate.swift */ = {isa = PBXFileReference; lastKnownFileType = sourcecode.swift; path = AppDelegate.swift; sourceTree = "<group>"; };
		8200C4EE25ADE56300F27A52 /* SceneDelegate.swift */ = {isa = PBXFileReference; lastKnownFileType = sourcecode.swift; path = SceneDelegate.swift; sourceTree = "<group>"; };
		8200C4F025ADE56300F27A52 /* ViewController.swift */ = {isa = PBXFileReference; lastKnownFileType = sourcecode.swift; path = ViewController.swift; sourceTree = "<group>"; };
		8200C4F325ADE56300F27A52 /* Base */ = {isa = PBXFileReference; lastKnownFileType = file.storyboard; name = Base; path = Base.lproj/Main.storyboard; sourceTree = "<group>"; };
		8200C4F625ADE56300F27A52 /* Tic_Tac_Toe_1.xcdatamodel */ = {isa = PBXFileReference; lastKnownFileType = wrapper.xcdatamodel; path = Tic_Tac_Toe_1.xcdatamodel; sourceTree = "<group>"; };
		8200C4F825ADE56B00F27A52 /* Assets.xcassets */ = {isa = PBXFileReference; lastKnownFileType = folder.assetcatalog; path = Assets.xcassets; sourceTree = "<group>"; };
		8200C4FB25ADE56B00F27A52 /* Base */ = {isa = PBXFileReference; lastKnownFileType = file.storyboard; name = Base; path = Base.lproj/LaunchScreen.storyboard; sourceTree = "<group>"; };
		8200C4FD25ADE56B00F27A52 /* Info.plist */ = {isa = PBXFileReference; lastKnownFileType = text.plist.xml; path = Info.plist; sourceTree = "<group>"; };
		8200C50425ADE5CF00F27A52 /* O.jpg */ = {isa = PBXFileReference; lastKnownFileType = image.jpeg; path = O.jpg; sourceTree = "<group>"; };
		8200C50725ADE5D400F27A52 /* X.jpg */ = {isa = PBXFileReference; lastKnownFileType = image.jpeg; path = X.jpg; sourceTree = "<group>"; };
		8200C50A25ADE5DB00F27A52 /* Board.png */ = {isa = PBXFileReference; lastKnownFileType = image.png; path = Board.png; sourceTree = "<group>"; };
/* End PBXFileReference section */

/* Begin PBXFrameworksBuildPhase section */
		8200C4E625ADE56300F27A52 /* Frameworks */ = {
			isa = PBXFrameworksBuildPhase;
			buildActionMask = 2147483647;
			files = (
			);
			runOnlyForDeploymentPostprocessing = 0;
		};
/* End PBXFrameworksBuildPhase section */

/* Begin PBXGroup section */
		8200C4E025ADE56300F27A52 = {
			isa = PBXGroup;
			children = (
				8200C4EB25ADE56300F27A52 /* Tic Tac Toe 1 */,
				8200C4EA25ADE56300F27A52 /* Products */,
			);
			sourceTree = "<group>";
		};
		8200C4EA25ADE56300F27A52 /* Products */ = {
			isa = PBXGroup;
			children = (
				8200C4E925ADE56300F27A52 /* Tic Tac Toe 1.app */,
			);
			name = Products;
			sourceTree = "<group>";
		};
		8200C4EB25ADE56300F27A52 /* Tic Tac Toe 1 */ = {
			isa = PBXGroup;
			children = (
				8200C4EC25ADE56300F27A52 /* AppDelegate.swift */,
				8200C4EE25ADE56300F27A52 /* SceneDelegate.swift */,
				8200C4F025ADE56300F27A52 /* ViewController.swift */,
				8200C50425ADE5CF00F27A52 /* O.jpg */,
				8200C4F225ADE56300F27A52 /* Main.storyboard */,
				8200C50A25ADE5DB00F27A52 /* Board.png */,
				8200C50725ADE5D400F27A52 /* X.jpg */,
				8200C4F825ADE56B00F27A52 /* Assets.xcassets */,
				8200C4FA25ADE56B00F27A52 /* LaunchScreen.storyboard */,
				8200C4FD25ADE56B00F27A52 /* Info.plist */,
				8200C4F525ADE56300F27A52 /* Tic_Tac_Toe_1.xcdatamodeld */,
			);
			path = "Tic Tac Toe 1";
			sourceTree = "<group>";
		};
/* End PBXGroup section */

/* Begin PBXNativeTarget section */
		8200C4E825ADE56300F27A52 /* Tic Tac Toe 1 */ = {
			isa = PBXNativeTarget;
			buildConfigurationList = 8200C50025ADE56B00F27A52 /* Build configuration list for PBXNativeTarget "Tic Tac Toe 1" */;
			buildPhases = (
				8200C4E525ADE56300F27A52 /* Sources */,
				8200C4E625ADE56300F27A52 /* Frameworks */,
				8200C4E725ADE56300F27A52 /* Resources */,
			);
			buildRules = (
			);
			dependencies = (
			);
			name = "Tic Tac Toe 1";
			productName = "Tic Tac Toe 1";
			productReference = 8200C4E925ADE56300F27A52 /* Tic Tac Toe 1.app */;
			productType = "com.apple.product-type.application";
		};
/* End PBXNativeTarget section */

/* Begin PBXProject section */
		8200C4E125ADE56300F27A52 /* Project object */ = {
			isa = PBXProject;
			attributes = {
				LastSwiftUpdateCheck = 1220;
				LastUpgradeCheck = 1220;
				TargetAttributes = {
					8200C4E825ADE56300F27A52 = {
						CreatedOnToolsVersion = 12.2;
					};
				};
			};
			buildConfigurationList = 8200C4E425ADE56300F27A52 /* Build configuration list for PBXProject "Tic Tac Toe 1" */;
			compatibilityVersion = "Xcode 9.3";
			developmentRegion = en;
			hasScannedForEncodings = 0;
			knownRegions = (
				en,
				Base,
			);
			mainGroup = 8200C4E025ADE56300F27A52;
			productRefGroup = 8200C4EA25ADE56300F27A52 /* Products */;
			projectDirPath = "";
			projectRoot = "";
			targets = (
				8200C4E825ADE56300F27A52 /* Tic Tac Toe 1 */,
			);
		};
/* End PBXProject section */

/* Begin PBXResourcesBuildPhase section */
		8200C4E725ADE56300F27A52 /* Resources */ = {
			isa = PBXResourcesBuildPhase;
			buildActionMask = 2147483647;
			files = (
				8200C4FC25ADE56B00F27A52 /* LaunchScreen.storyboard in Resources */,
				8200C50825ADE5D400F27A52 /* X.jpg in Resources */,
				8200C4F925ADE56B00F27A52 /* Assets.xcassets in Resources */,
				8200C50B25ADE5DB00F27A52 /* Board.png in Resources */,
				8200C50525ADE5D000F27A52 /* O.jpg in Resources */,
				8200C4F425ADE56300F27A52 /* Main.storyboard in Resources */,
			);
			runOnlyForDeploymentPostprocessing = 0;
		};
/* End PBXResourcesBuildPhase section */

/* Begin PBXSourcesBuildPhase section */
		8200C4E525ADE56300F27A52 /* Sources */ = {
			isa = PBXSourcesBuildPhase;
			buildActionMask = 2147483647;
			files = (
				8200C4F725ADE56300F27A52 /* Tic_Tac_Toe_1.xcdatamodeld in Sources */,
				8200C4F125ADE56300F27A52 /* ViewController.swift in Sources */,
				8200C4ED25ADE56300F27A52 /* AppDelegate.swift in Sources */,
				8200C4EF25ADE56300F27A52 /* SceneDelegate.swift in Sources */,
			);
			runOnlyForDeploymentPostprocessing = 0;
		};
/* End PBXSourcesBuildPhase section */

/* Begin PBXVariantGroup section */
		8200C4F225ADE56300F27A52 /* Main.storyboard */ = {
			isa = PBXVariantGroup;
			children = (
				8200C4F325ADE56300F27A52 /* Base */,
			);
			name = Main.storyboard;
			sourceTree = "<group>";
		};
		8200C4FA25ADE56B00F27A52 /* LaunchScreen.storyboard */ = {
			isa = PBXVariantGroup;
			children = (
				8200C4FB25ADE56B00F27A52 /* Base */,
			);
			name = LaunchScreen.storyboard;
			sourceTree = "<group>";
		};
/* End PBXVariantGroup section */

/* Begin XCBuildConfiguration section */
		8200C4FE25ADE56B00F27A52 /* Debug */ = {
			isa = XCBuildConfiguration;
			buildSettings = {
				ALWAYS_SEARCH_USER_PATHS = NO;
				CLANG_ANALYZER_NONNULL = YES;
				CLANG_ANALYZER_NUMBER_OBJECT_CONVERSION = YES_AGGRESSIVE;
				CLANG_CXX_LANGUAGE_STANDARD = "gnu++14";
				CLANG_CXX_LIBRARY = "libc++";
				CLANG_ENABLE_MODULES = YES;
				CLANG_ENABLE_OBJC_ARC = YES;
				CLANG_ENABLE_OBJC_WEAK = YES;
				CLANG_WARN_BLOCK_CAPTURE_AUTORELEASING = YES;
				CLANG_WARN_BOOL_CONVERSION = YES;
				CLANG_WARN_COMMA = YES;
				CLANG_WARN_CONSTANT_CONVERSION = YES;
				CLANG_WARN_DEPRECATED_OBJC_IMPLEMENTATIONS = YES;
				CLANG_WARN_DIRECT_OBJC_ISA_USAGE = YES_ERROR;
				CLANG_WARN_DOCUMENTATION_COMMENTS = YES;
				CLANG_WARN_EMPTY_BODY = YES;
				CLANG_WARN_ENUM_CONVERSION = YES;
				CLANG_WARN_INFINITE_RECURSION = YES;
				CLANG_WARN_INT_CONVERSION = YES;
				CLANG_WARN_NON_LITERAL_NULL_CONVERSION = YES;
				CLANG_WARN_OBJC_IMPLICIT_RETAIN_SELF = YES;
				CLANG_WARN_OBJC_LITERAL_CONVERSION = YES;
				CLANG_WARN_OBJC_ROOT_CLASS = YES_ERROR;
				CLANG_WARN_QUOTED_INCLUDE_IN_FRAMEWORK_HEADER = YES;
				CLANG_WARN_RANGE_LOOP_ANALYSIS = YES;
				CLANG_WARN_STRICT_PROTOTYPES = YES;
				CLANG_WARN_SUSPICIOUS_MOVE = YES;
				CLANG_WARN_UNGUARDED_AVAILABILITY = YES_AGGRESSIVE;
				CLANG_WARN_UNREACHABLE_CODE = YES;
				CLANG_WARN__DUPLICATE_METHOD_MATCH = YES;
				COPY_PHASE_STRIP = NO;
				DEBUG_INFORMATION_FORMAT = dwarf;
				ENABLE_STRICT_OBJC_MSGSEND = YES;
				ENABLE_TESTABILITY = YES;
				GCC_C_LANGUAGE_STANDARD = gnu11;
				GCC_DYNAMIC_NO_PIC = NO;
				GCC_NO_COMMON_BLOCKS = YES;
				GCC_OPTIMIZATION_LEVEL = 0;
				GCC_PREPROCESSOR_DEFINITIONS = (
					"DEBUG=1",
					"$(inherited)",
				);
				GCC_WARN_64_TO_32_BIT_CONVERSION = YES;
				GCC_WARN_ABOUT_RETURN_TYPE = YES_ERROR;
				GCC_WARN_UNDECLARED_SELECTOR = YES;
				GCC_WARN_UNINITIALIZED_AUTOS = YES_AGGRESSIVE;
				GCC_WARN_UNUSED_FUNCTION = YES;
				GCC_WARN_UNUSED_VARIABLE = YES;
				IPHONEOS_DEPLOYMENT_TARGET = 14.2;
				MTL_ENABLE_DEBUG_INFO = INCLUDE_SOURCE;
				MTL_FAST_MATH = YES;
				ONLY_ACTIVE_ARCH = YES;
				SDKROOT = iphoneos;
				SWIFT_ACTIVE_COMPILATION_CONDITIONS = DEBUG;
				SWIFT_OPTIMIZATION_LEVEL = "-Onone";
			};
			name = Debug;
		};
		8200C4FF25ADE56B00F27A52 /* Release */ = {
			isa = XCBuildConfiguration;
			buildSettings = {
				ALWAYS_SEARCH_USER_PATHS = NO;
				CLANG_ANALYZER_NONNULL = YES;
				CLANG_ANALYZER_NUMBER_OBJECT_CONVERSION = YES_AGGRESSIVE;
				CLANG_CXX_LANGUAGE_STANDARD = "gnu++14";
				CLANG_CXX_LIBRARY = "libc++";
				CLANG_ENABLE_MODULES = YES;
				CLANG_ENABLE_OBJC_ARC = YES;
				CLANG_ENABLE_OBJC_WEAK = YES;
				CLANG_WARN_BLOCK_CAPTURE_AUTORELEASING = YES;
				CLANG_WARN_BOOL_CONVERSION = YES;
				CLANG_WARN_COMMA = YES;
				CLANG_WARN_CONSTANT_CONVERSION = YES;
				CLANG_WARN_DEPRECATED_OBJC_IMPLEMENTATIONS = YES;
				CLANG_WARN_DIRECT_OBJC_ISA_USAGE = YES_ERROR;
				CLANG_WARN_DOCUMENTATION_COMMENTS = YES;
				CLANG_WARN_EMPTY_BODY = YES;
				CLANG_WARN_ENUM_CONVERSION = YES;
				CLANG_WARN_INFINITE_RECURSION = YES;
				CLANG_WARN_INT_CONVERSION = YES;
				CLANG_WARN_NON_LITERAL_NULL_CONVERSION = YES;
				CLANG_WARN_OBJC_IMPLICIT_RETAIN_SELF = YES;
				CLANG_WARN_OBJC_LITERAL_CONVERSION = YES;
				CLANG_WARN_OBJC_ROOT_CLASS = YES_ERROR;
				CLANG_WARN_QUOTED_INCLUDE_IN_FRAMEWORK_HEADER = YES;
				CLANG_WARN_RANGE_LOOP_ANALYSIS = YES;
				CLANG_WARN_STRICT_PROTOTYPES = YES;
				CLANG_WARN_SUSPICIOUS_MOVE = YES;
				CLANG_WARN_UNGUARDED_AVAILABILITY = YES_AGGRESSIVE;
				CLANG_WARN_UNREACHABLE_CODE = YES;
				CLANG_WARN__DUPLICATE_METHOD_MATCH = YES;
				COPY_PHASE_STRIP = NO;
				DEBUG_INFORMATION_FORMAT = "dwarf-with-dsym";
				ENABLE_NS_ASSERTIONS = NO;
				ENABLE_STRICT_OBJC_MSGSEND = YES;
				GCC_C_LANGUAGE_STANDARD = gnu11;
				GCC_NO_COMMON_BLOCKS = YES;
				GCC_WARN_64_TO_32_BIT_CONVERSION = YES;
				GCC_WARN_ABOUT_RETURN_TYPE = YES_ERROR;
				GCC_WARN_UNDECLARED_SELECTOR = YES;
				GCC_WARN_UNINITIALIZED_AUTOS = YES_AGGRESSIVE;
				GCC_WARN_UNUSED_FUNCTION = YES;
				GCC_WARN_UNUSED_VARIABLE = YES;
				IPHONEOS_DEPLOYMENT_TARGET = 14.2;
				MTL_ENABLE_DEBUG_INFO = NO;
				MTL_FAST_MATH = YES;
				SDKROOT = iphoneos;
				SWIFT_COMPILATION_MODE = wholemodule;
				SWIFT_OPTIMIZATION_LEVEL = "-O";
				VALIDATE_PRODUCT = YES;
			};
			name = Release;
		};
		8200C50125ADE56B00F27A52 /* Debug */ = {
			isa = XCBuildConfiguration;
			buildSettings = {
				ASSETCATALOG_COMPILER_APPICON_NAME = AppIcon;
				ASSETCATALOG_COMPILER_GLOBAL_ACCENT_COLOR_NAME = AccentColor;
				CODE_SIGN_STYLE = Automatic;
				INFOPLIST_FILE = "Tic Tac Toe 1/Info.plist";
				LD_RUNPATH_SEARCH_PATHS = (
					"$(inherited)",
					"@executable_path/Frameworks",
				);
				PRODUCT_BUNDLE_IDENTIFIER = "com.example.Tic-Tac-Toe-1";
				PRODUCT_NAME = "$(TARGET_NAME)";
				SWIFT_VERSION = 5.0;
				TARGETED_DEVICE_FAMILY = "1,2";
			};
			name = Debug;
		};
		8200C50225ADE56B00F27A52 /* Release */ = {
			isa = XCBuildConfiguration;
			buildSettings = {
				ASSETCATALOG_COMPILER_APPICON_NAME = AppIcon;
				ASSETCATALOG_COMPILER_GLOBAL_ACCENT_COLOR_NAME = AccentColor;
				CODE_SIGN_STYLE = Automatic;
				INFOPLIST_FILE = "Tic Tac Toe 1/Info.plist";
				LD_RUNPATH_SEARCH_PATHS = (
					"$(inherited)",
					"@executable_path/Frameworks",
				);
				PRODUCT_BUNDLE_IDENTIFIER = "com.example.Tic-Tac-Toe-1";
				PRODUCT_NAME = "$(TARGET_NAME)";
				SWIFT_VERSION = 5.0;
				TARGETED_DEVICE_FAMILY = "1,2";
			};
			name = Release;
		};
/* End XCBuildConfiguration section */

/* Begin XCConfigurationList section */
		8200C4E425ADE56300F27A52 /* Build configuration list for PBXProject "Tic Tac Toe 1" */ = {
			isa = XCConfigurationList;
			buildConfigurations = (
				8200C4FE25ADE56B00F27A52 /* Debug */,
				8200C4FF25ADE56B00F27A52 /* Release */,
			);
			defaultConfigurationIsVisible = 0;
			defaultConfigurationName = Release;
		};
		8200C50025ADE56B00F27A52 /* Build configuration list for PBXNativeTarget "Tic Tac Toe 1" */ = {
			isa = XCConfigurationList;
			buildConfigurations = (
				8200C50125ADE56B00F27A52 /* Debug */,
				8200C50225ADE56B00F27A52 /* Release */,
			);
			defaultConfigurationIsVisible = 0;
			defaultConfigurationName = Release;
		};
/* End XCConfigurationList section */

/* Begin XCVersionGroup section */
		8200C4F525ADE56300F27A52 /* Tic_Tac_Toe_1.xcdatamodeld */ = {
			isa = XCVersionGroup;
			children = (
				8200C4F625ADE56300F27A52 /* Tic_Tac_Toe_1.xcdatamodel */,
			);
			currentVersion = 8200C4F625ADE56300F27A52 /* Tic_Tac_Toe_1.xcdatamodel */;
			path = Tic_Tac_Toe_1.xcdatamodeld;
			sourceTree = "<group>";
			versionGroupType = wrapper.xcdatamodel;
		};
/* End XCVersionGroup section */
	};
	rootObject = 8200C4E125ADE56300F27A52 /* Project object */;
}
